<?xml version="1.0" encoding="utf-8"?>
<Project ToolsVersion="4.0" xmlns="http://schemas.microsoft.com/developer/msbuild/2003">
  <ItemGroup>
    <Filter Include="Source Files">
      <UniqueIdentifier>{4FC737F1-C7A5-4376-A066-2A32D752A2FF}</UniqueIdentifier>
      <Extensions>qml;cpp;c;cc;cxx;def;odl;idl;hpj;bat;asm;asmx</Extensions>
    </Filter>
    <Filter Include="Header Files">
      <UniqueIdentifier>{93995380-89BD-4b04-88EB-625FBE52EBFB}</UniqueIdentifier>
      <Extensions>h;hh;hpp;hxx;hm;inl;inc;xsd</Extensions>
    </Filter>
    <Filter Include="Resource Files">
      <UniqueIdentifier>{67DA6AB6-F800-4c08-8B7A-83BB121AAD01}</UniqueIdentifier>
      <Extensions>qrc;rc;ico;cur;bmp;dlg;rc2;rct;bin;rgs;gif;jpg;jpeg;jpe;resx;tiff;tif;png;wav;mfcribbon-ms</Extensions>
    </Filter>
    <Filter Include="Form Files">
      <UniqueIdentifier>{99349809-55BA-4b9d-BF79-8FDBB0286EB3}</UniqueIdentifier>
      <Extensions>ui</Extensions>
    </Filter>
    <Filter Include="Translation Files">
      <UniqueIdentifier>{639EADAA-A684-42e4-A9AD-28FC9BCB8F7C}</UniqueIdentifier>
      <Extensions>ts</Extensions>
    </Filter>
  </ItemGroup>
  <ItemGroup>
    <ClCompile Include="main.cpp">
      <Filter>Source Files</Filter>
    </ClCompile>
    <ClCompile Include="src\AppendixTableManager\AppendixTableManager.cpp">
      <Filter>Source Files</Filter>
    </ClCompile>
    <ClCompile Include="src\AppLog\AppLog.cpp">
      <Filter>Source Files</Filter>
    </ClCompile>
    <ClCompile Include="src\DayTimerWidget\DayTimerWidget.cpp">
      <Filter>Source Files</Filter>
    </ClCompile>
    <ClCompile Include="src\GetStartWidget\GetStartWidget.cpp">
      <Filter>Source Files</Filter>
    </ClCompile>
    <ClCompile Include="src\MainTableWidget\MainTableWidget.cpp">
      <Filter>Source Files</Filter>
    </ClCompile>
    <ClCompile Include="src\MainWindow\MainWindow.cpp">
      <Filter>Source Files</Filter>
    </ClCompile>
    <ClCompile Include="src\NetworkRequests\NetworkRequests.cpp">
      <Filter>Source Files</Filter>
    </ClCompile>
    <ClCompile Include="src\SyncingDialog\SyncingDialog.cpp">
      <Filter>Source Files</Filter>
    </ClCompile>
    <ClCompile Include="src\TableEditWidget\TableEditWidget.cpp">
      <Filter>Source Files</Filter>
    </ClCompile>
    <ClCompile Include="src\ToolBox\ToolBox.cpp">
      <Filter>Source Files</Filter>
    </ClCompile>
    <ClCompile Include="src\YiyanDialog\YiyanDialog.cpp">
      <Filter>Source Files</Filter>
    </ClCompile>
    <ClCompile Include="src\ClickLabel\ClickLabel.cpp">
      <Filter>Source Files</Filter>
    </ClCompile>
    <ClCompile Include="src\RollingLabel\RollingLabel.cpp">
      <Filter>Source Files</Filter>
    </ClCompile>
    <ClCompile Include="src\Utils\WidgetBlur\WidgetBlur.cpp">
      <Filter>Source Files</Filter>
    </ClCompile>
    <ClCompile Include="src\PluginWebEngine\PluginWebEngine.cpp">
      <Filter>Source Files</Filter>
    </ClCompile>
  </ItemGroup>
  <ItemGroup>
    <QtUic Include="src\AppendixTableManager\AppendixTableManager.ui">
      <Filter>Form Files</Filter>
    </QtUic>
    <QtUic Include="src\DayTimerWidget\DayTimerWidget.ui">
      <Filter>Form Files</Filter>
    </QtUic>
    <QtUic Include="src\GetStartWidget\GetStartWidget.ui">
      <Filter>Form Files</Filter>
    </QtUic>
    <QtUic Include="src\MainTableWidget\MainTableWidget.ui">
      <Filter>Form Files</Filter>
    </QtUic>
    <QtUic Include="src\MainWindow\MainWindow.ui">
      <Filter>Form Files</Filter>
    </QtUic>
    <QtUic Include="src\SyncingDialog\SyncingDialog.ui">
      <Filter>Form Files</Filter>
    </QtUic>
    <QtUic Include="src\TableEditWidget\TableEditWidget.ui">
      <Filter>Form Files</Filter>
    </QtUic>
    <QtUic Include="src\ToolBox\ToolBox.ui">
      <Filter>Form Files</Filter>
    </QtUic>
    <QtUic Include="src\YiyanDialog\YiyanDialog.ui">
      <Filter>Form Files</Filter>
    </QtUic>
  </ItemGroup>
  <ItemGroup>
    <QtMoc Include="src\AppendixTableManager\AppendixTableManager.h">
      <Filter>Header Files</Filter>
    </QtMoc>
    <QtMoc Include="src\DayTimerWidget\DayTimerWidget.h">
      <Filter>Header Files</Filter>
    </QtMoc>
    <QtMoc Include="src\GetStartWidget\GetStartWidget.h">
      <Filter>Header Files</Filter>
    </QtMoc>
    <QtMoc Include="src\MainTableWidget\MainTableWidget.h">
      <Filter>Header Files</Filter>
    </QtMoc>
    <QtMoc Include="src\MainWindow\MainWindow.h">
      <Filter>Header Files</Filter>
    </QtMoc>
    <QtMoc Include="src\NetworkRequests\NetworkRequests.h">
      <Filter>Header Files</Filter>
    </QtMoc>
    <QtMoc Include="src\SyncingDialog\SyncingDialog.h">
      <Filter>Header Files</Filter>
    </QtMoc>
    <QtMoc Include="src\TableEditWidget\TableEditWidget.h">
      <Filter>Header Files</Filter>
    </QtMoc>
    <QtMoc Include="src\ToolBox\ToolBox.h">
      <Filter>Header Files</Filter>
    </QtMoc>
    <QtMoc Include="src\YiyanDialog\YiyanDialog.h">
      <Filter>Header Files</Filter>
    </QtMoc>
    <QtMoc Include="src\ClickLabel\ClickLabel.h">
      <Filter>Header Files</Filter>
    </QtMoc>
    <QtMoc Include="src\RollingLabel\RollingLabel.h">
      <Filter>Header Files</Filter>
    </QtMoc>
    <QtMoc Include="src\PluginWebEngine\PluginWebEngine.h">
      <Filter>Header Files</Filter>
    </QtMoc>
  </ItemGroup>
  <ItemGroup>
    <ClInclude Include="src\AppLog\AppLog.h">
      <Filter>Header Files</Filter>
    </ClInclude>
    <ClInclude Include="resource.h">
      <Filter>Header Files</Filter>
    </ClInclude>
    <ClInclude Include="src\Utils\WidgetBlur\WidgetBlur.h">
      <Filter>Header Files</Filter>
    </ClInclude>
    <ClInclude Include="resource1.h">
      <Filter>Header Files</Filter>
    </ClInclude>
    <ClInclude Include="resource2.h">
      <Filter>Header Files</Filter>
    </ClInclude>
  </ItemGroup>
  <ItemGroup>
    <QtRcc Include="res.qrc">
      <Filter>Resource Files</Filter>
    </QtRcc>
  </ItemGroup>
  <ItemGroup>
    <Image Include="icon.ico">
      <Filter>Resource Files</Filter>
    </Image>
    <Image Include="icon1.ico">
      <Filter>Resource Files</Filter>
    </Image>
    <Image Include="res\icon.png">
      <Filter>Resource Files</Filter>
    </Image>
  </ItemGroup>
  <ItemGroup>
    <ResourceCompile Include="ClassTopLand.rc">
      <Filter>Resource Files</Filter>
    </ResourceCompile>
    <ResourceCompile Include="Resource.rc">
      <Filter>Resource Files</Filter>
    </ResourceCompile>
  </ItemGroup>
</Project>